// !$*UTF8*$!
{
	archiveVersion = 1;
	classes = {
	};
	objectVersion = 55;
	objects = {

/* Begin PBXBuildFile section */
		B079B3BF27D67C4500E9E17F /* AppDelegate.swift in Sources */ = {isa = PBXBuildFile; fileRef = B079B3BE27D67C4500E9E17F /* AppDelegate.swift */; };
		B079B3C127D67C4500E9E17F /* SceneDelegate.swift in Sources */ = {isa = PBXBuildFile; fileRef = B079B3C027D67C4500E9E17F /* SceneDelegate.swift */; };
		B079B3C327D67C4500E9E17F /* ViewController.swift in Sources */ = {isa = PBXBuildFile; fileRef = B079B3C227D67C4500E9E17F /* ViewController.swift */; };
		B079B3C627D67C4500E9E17F /* Main.storyboard in Resources */ = {isa = PBXBuildFile; fileRef = B079B3C427D67C4500E9E17F /* Main.storyboard */; };
		B079B3C827D67C4C00E9E17F /* Assets.xcassets in Resources */ = {isa = PBXBuildFile; fileRef = B079B3C727D67C4C00E9E17F /* Assets.xcassets */; };
		B079B3CB27D67C4C00E9E17F /* LaunchScreen.storyboard in Resources */ = {isa = PBXBuildFile; fileRef = B079B3C927D67C4C00E9E17F /* LaunchScreen.storyboard */; };
		B079B3D627D67C4D00E9E17F /* Git_branchsTests.swift in Sources */ = {isa = PBXBuildFile; fileRef = B079B3D527D67C4D00E9E17F /* Git_branchsTests.swift */; };
		B079B3E027D67C4D00E9E17F /* Git_branchsUITests.swift in Sources */ = {isa = PBXBuildFile; fileRef = B079B3DF27D67C4D00E9E17F /* Git_branchsUITests.swift */; };
		B079B3E227D67C4D00E9E17F /* Git_branchsUITestsLaunchTests.swift in Sources */ = {isa = PBXBuildFile; fileRef = B079B3E127D67C4D00E9E17F /* Git_branchsUITestsLaunchTests.swift */; };
		B079B3F027D67C7D00E9E17F /* Main.swift in Sources */ = {isa = PBXBuildFile; fileRef = B079B3EF27D67C7D00E9E17F /* Main.swift */; };
		B079B3F327D67FE000E9E17F /* Develop.swift in Sources */ = {isa = PBXBuildFile; fileRef = B079B3F227D67FE000E9E17F /* Develop.swift */; };
		B079B3F627D6823900E9E17F /* DevBruno.swift in Sources */ = {isa = PBXBuildFile; fileRef = B079B3F527D6823900E9E17F /* DevBruno.swift */; };
/* End PBXBuildFile section */

/* Begin PBXContainerItemProxy section */
		B079B3D227D67C4D00E9E17F /* PBXContainerItemProxy */ = {
			isa = PBXContainerItemProxy;
			containerPortal = B079B3B327D67C4400E9E17F /* Project object */;
			proxyType = 1;
			remoteGlobalIDString = B079B3BA27D67C4400E9E17F;
			remoteInfo = "Git-branchs";
		};
		B079B3DC27D67C4D00E9E17F /* PBXContainerItemProxy */ = {
			isa = PBXContainerItemProxy;
			containerPortal = B079B3B327D67C4400E9E17F /* Project object */;
			proxyType = 1;
			remoteGlobalIDString = B079B3BA27D67C4400E9E17F;
			remoteInfo = "Git-branchs";
		};
/* End PBXContainerItemProxy section */

/* Begin PBXFileReference section */
		B079B3BB27D67C4500E9E17F /* Git-branchs.app */ = {isa = PBXFileReference; explicitFileType = wrapper.application; includeInIndex = 0; path = "Git-branchs.app"; sourceTree = BUILT_PRODUCTS_DIR; };
		B079B3BE27D67C4500E9E17F /* AppDelegate.swift */ = {isa = PBXFileReference; lastKnownFileType = sourcecode.swift; path = AppDelegate.swift; sourceTree = "<group>"; };
		B079B3C027D67C4500E9E17F /* SceneDelegate.swift */ = {isa = PBXFileReference; lastKnownFileType = sourcecode.swift; path = SceneDelegate.swift; sourceTree = "<group>"; };
		B079B3C227D67C4500E9E17F /* ViewController.swift */ = {isa = PBXFileReference; lastKnownFileType = sourcecode.swift; path = ViewController.swift; sourceTree = "<group>"; };
		B079B3C527D67C4500E9E17F /* Base */ = {isa = PBXFileReference; lastKnownFileType = file.storyboard; name = Base; path = Base.lproj/Main.storyboard; sourceTree = "<group>"; };
		B079B3C727D67C4C00E9E17F /* Assets.xcassets */ = {isa = PBXFileReference; lastKnownFileType = folder.assetcatalog; path = Assets.xcassets; sourceTree = "<group>"; };
		B079B3CA27D67C4C00E9E17F /* Base */ = {isa = PBXFileReference; lastKnownFileType = file.storyboard; name = Base; path = Base.lproj/LaunchScreen.storyboard; sourceTree = "<group>"; };
		B079B3CC27D67C4C00E9E17F /* Info.plist */ = {isa = PBXFileReference; lastKnownFileType = text.plist.xml; path = Info.plist; sourceTree = "<group>"; };
		B079B3D127D67C4D00E9E17F /* Git-branchsTests.xctest */ = {isa = PBXFileReference; explicitFileType = wrapper.cfbundle; includeInIndex = 0; path = "Git-branchsTests.xctest"; sourceTree = BUILT_PRODUCTS_DIR; };
		B079B3D527D67C4D00E9E17F /* Git_branchsTests.swift */ = {isa = PBXFileReference; lastKnownFileType = sourcecode.swift; path = Git_branchsTests.swift; sourceTree = "<group>"; };
		B079B3DB27D67C4D00E9E17F /* Git-branchsUITests.xctest */ = {isa = PBXFileReference; explicitFileType = wrapper.cfbundle; includeInIndex = 0; path = "Git-branchsUITests.xctest"; sourceTree = BUILT_PRODUCTS_DIR; };
		B079B3DF27D67C4D00E9E17F /* Git_branchsUITests.swift */ = {isa = PBXFileReference; lastKnownFileType = sourcecode.swift; path = Git_branchsUITests.swift; sourceTree = "<group>"; };
		B079B3E127D67C4D00E9E17F /* Git_branchsUITestsLaunchTests.swift */ = {isa = PBXFileReference; lastKnownFileType = sourcecode.swift; path = Git_branchsUITestsLaunchTests.swift; sourceTree = "<group>"; };
		B079B3EF27D67C7D00E9E17F /* Main.swift */ = {isa = PBXFileReference; lastKnownFileType = sourcecode.swift; path = Main.swift; sourceTree = "<group>"; };
		B079B3F227D67FE000E9E17F /* Develop.swift */ = {isa = PBXFileReference; lastKnownFileType = sourcecode.swift; path = Develop.swift; sourceTree = "<group>"; };
		B079B3F527D6823900E9E17F /* DevBruno.swift */ = {isa = PBXFileReference; lastKnownFileType = sourcecode.swift; path = DevBruno.swift; sourceTree = "<group>"; };
/* End PBXFileReference section */

/* Begin PBXFrameworksBuildPhase section */
		B079B3B827D67C4400E9E17F /* Frameworks */ = {
			isa = PBXFrameworksBuildPhase;
			buildActionMask = 2147483647;
			files = (
			);
			runOnlyForDeploymentPostprocessing = 0;
		};
		B079B3CE27D67C4D00E9E17F /* Frameworks */ = {
			isa = PBXFrameworksBuildPhase;
			buildActionMask = 2147483647;
			files = (
			);
			runOnlyForDeploymentPostprocessing = 0;
		};
		B079B3D827D67C4D00E9E17F /* Frameworks */ = {
			isa = PBXFrameworksBuildPhase;
			buildActionMask = 2147483647;
			files = (
			);
			runOnlyForDeploymentPostprocessing = 0;
		};
/* End PBXFrameworksBuildPhase section */

/* Begin PBXGroup section */
		B079B3B227D67C4400E9E17F = {
			isa = PBXGroup;
			children = (
				B079B3BD27D67C4500E9E17F /* Git-branchs */,
				B079B3D427D67C4D00E9E17F /* Git-branchsTests */,
				B079B3DE27D67C4D00E9E17F /* Git-branchsUITests */,
				B079B3BC27D67C4500E9E17F /* Products */,
			);
			sourceTree = "<group>";
		};
		B079B3BC27D67C4500E9E17F /* Products */ = {
			isa = PBXGroup;
			children = (
				B079B3BB27D67C4500E9E17F /* Git-branchs.app */,
				B079B3D127D67C4D00E9E17F /* Git-branchsTests.xctest */,
				B079B3DB27D67C4D00E9E17F /* Git-branchsUITests.xctest */,
			);
			name = Products;
			sourceTree = "<group>";
		};
		B079B3BD27D67C4500E9E17F /* Git-branchs */ = {
			isa = PBXGroup;
			children = (
				B079B3F427D6821E00E9E17F /* DevBruno */,
				B079B3F127D67FCF00E9E17F /* Develop */,
				B079B3EE27D67C6900E9E17F /* Main */,
				B079B3C227D67C4500E9E17F /* ViewController.swift */,
				B079B3C427D67C4500E9E17F /* Main.storyboard */,
				B079B3BE27D67C4500E9E17F /* AppDelegate.swift */,
				B079B3C027D67C4500E9E17F /* SceneDelegate.swift */,
				B079B3C727D67C4C00E9E17F /* Assets.xcassets */,
				B079B3C927D67C4C00E9E17F /* LaunchScreen.storyboard */,
				B079B3CC27D67C4C00E9E17F /* Info.plist */,
			);
			path = "Git-branchs";
			sourceTree = "<group>";
		};
		B079B3D427D67C4D00E9E17F /* Git-branchsTests */ = {
			isa = PBXGroup;
			children = (
				B079B3D527D67C4D00E9E17F /* Git_branchsTests.swift */,
			);
			path = "Git-branchsTests";
			sourceTree = "<group>";
		};
		B079B3DE27D67C4D00E9E17F /* Git-branchsUITests */ = {
			isa = PBXGroup;
			children = (
				B079B3DF27D67C4D00E9E17F /* Git_branchsUITests.swift */,
				B079B3E127D67C4D00E9E17F /* Git_branchsUITestsLaunchTests.swift */,
			);
			path = "Git-branchsUITests";
			sourceTree = "<group>";
		};
		B079B3EE27D67C6900E9E17F /* Main */ = {
			isa = PBXGroup;
			children = (
				B079B3EF27D67C7D00E9E17F /* Main.swift */,
			);
			path = Main;
			sourceTree = "<group>";
		};
		B079B3F127D67FCF00E9E17F /* Develop */ = {
			isa = PBXGroup;
			children = (
				B079B3F227D67FE000E9E17F /* Develop.swift */,
			);
			path = Develop;
			sourceTree = "<group>";
		};
		B079B3F427D6821E00E9E17F /* DevBruno */ = {
			isa = PBXGroup;
			children = (
				B079B3F527D6823900E9E17F /* DevBruno.swift */,
			);
			path = DevBruno;
			sourceTree = "<group>";
		};
/* End PBXGroup section */

/* Begin PBXNativeTarget section */
		B079B3BA27D67C4400E9E17F /* Git-branchs */ = {
			isa = PBXNativeTarget;
			buildConfigurationList = B079B3E527D67C4D00E9E17F /* Build configuration list for PBXNativeTarget "Git-branchs" */;
			buildPhases = (
				B079B3B727D67C4400E9E17F /* Sources */,
				B079B3B827D67C4400E9E17F /* Frameworks */,
				B079B3B927D67C4400E9E17F /* Resources */,
			);
			buildRules = (
			);
			dependencies = (
			);
			name = "Git-branchs";
			productName = "Git-branchs";
			productReference = B079B3BB27D67C4500E9E17F /* Git-branchs.app */;
			productType = "com.apple.product-type.application";
		};
		B079B3D027D67C4D00E9E17F /* Git-branchsTests */ = {
			isa = PBXNativeTarget;
			buildConfigurationList = B079B3E827D67C4D00E9E17F /* Build configuration list for PBXNativeTarget "Git-branchsTests" */;
			buildPhases = (
				B079B3CD27D67C4D00E9E17F /* Sources */,
				B079B3CE27D67C4D00E9E17F /* Frameworks */,
				B079B3CF27D67C4D00E9E17F /* Resources */,
			);
			buildRules = (
			);
			dependencies = (
				B079B3D327D67C4D00E9E17F /* PBXTargetDependency */,
			);
			name = "Git-branchsTests";
			productName = "Git-branchsTests";
			productReference = B079B3D127D67C4D00E9E17F /* Git-branchsTests.xctest */;
			productType = "com.apple.product-type.bundle.unit-test";
		};
		B079B3DA27D67C4D00E9E17F /* Git-branchsUITests */ = {
			isa = PBXNativeTarget;
			buildConfigurationList = B079B3EB27D67C4D00E9E17F /* Build configuration list for PBXNativeTarget "Git-branchsUITests" */;
			buildPhases = (
				B079B3D727D67C4D00E9E17F /* Sources */,
				B079B3D827D67C4D00E9E17F /* Frameworks */,
				B079B3D927D67C4D00E9E17F /* Resources */,
			);
			buildRules = (
			);
			dependencies = (
				B079B3DD27D67C4D00E9E17F /* PBXTargetDependency */,
			);
			name = "Git-branchsUITests";
			productName = "Git-branchsUITests";
			productReference = B079B3DB27D67C4D00E9E17F /* Git-branchsUITests.xctest */;
			productType = "com.apple.product-type.bundle.ui-testing";
		};
/* End PBXNativeTarget section */

/* Begin PBXProject section */
		B079B3B327D67C4400E9E17F /* Project object */ = {
			isa = PBXProject;
			attributes = {
				BuildIndependentTargetsInParallel = 1;
				LastSwiftUpdateCheck = 1310;
				LastUpgradeCheck = 1310;
				TargetAttributes = {
					B079B3BA27D67C4400E9E17F = {
						CreatedOnToolsVersion = 13.1;
					};
					B079B3D027D67C4D00E9E17F = {
						CreatedOnToolsVersion = 13.1;
						TestTargetID = B079B3BA27D67C4400E9E17F;
					};
					B079B3DA27D67C4D00E9E17F = {
						CreatedOnToolsVersion = 13.1;
						TestTargetID = B079B3BA27D67C4400E9E17F;
					};
				};
			};
			buildConfigurationList = B079B3B627D67C4400E9E17F /* Build configuration list for PBXProject "Git-branchs" */;
			compatibilityVersion = "Xcode 13.0";
			developmentRegion = en;
			hasScannedForEncodings = 0;
			knownRegions = (
				en,
				Base,
			);
			mainGroup = B079B3B227D67C4400E9E17F;
			productRefGroup = B079B3BC27D67C4500E9E17F /* Products */;
			projectDirPath = "";
			projectRoot = "";
			targets = (
				B079B3BA27D67C4400E9E17F /* Git-branchs */,
				B079B3D027D67C4D00E9E17F /* Git-branchsTests */,
				B079B3DA27D67C4D00E9E17F /* Git-branchsUITests */,
			);
		};
/* End PBXProject section */

/* Begin PBXResourcesBuildPhase section */
		B079B3B927D67C4400E9E17F /* Resources */ = {
			isa = PBXResourcesBuildPhase;
			buildActionMask = 2147483647;
			files = (
				B079B3CB27D67C4C00E9E17F /* LaunchScreen.storyboard in Resources */,
				B079B3C827D67C4C00E9E17F /* Assets.xcassets in Resources */,
				B079B3C627D67C4500E9E17F /* Main.storyboard in Resources */,
			);
			runOnlyForDeploymentPostprocessing = 0;
		};
		B079B3CF27D67C4D00E9E17F /* Resources */ = {
			isa = PBXResourcesBuildPhase;
			buildActionMask = 2147483647;
			files = (
			);
			runOnlyForDeploymentPostprocessing = 0;
		};
		B079B3D927D67C4D00E9E17F /* Resources */ = {
			isa = PBXResourcesBuildPhase;
			buildActionMask = 2147483647;
			files = (
			);
			runOnlyForDeploymentPostprocessing = 0;
		};
/* End PBXResourcesBuildPhase section */

/* Begin PBXSourcesBuildPhase section */
		B079B3B727D67C4400E9E17F /* Sources */ = {
			isa = PBXSourcesBuildPhase;
			buildActionMask = 2147483647;
			files = (
				B079B3F327D67FE000E9E17F /* Develop.swift in Sources */,
				B079B3C327D67C4500E9E17F /* ViewController.swift in Sources */,
				B079B3F627D6823900E9E17F /* DevBruno.swift in Sources */,
				B079B3BF27D67C4500E9E17F /* AppDelegate.swift in Sources */,
				B079B3F027D67C7D00E9E17F /* Main.swift in Sources */,
				B079B3C127D67C4500E9E17F /* SceneDelegate.swift in Sources */,
			);
			runOnlyForDeploymentPostprocessing = 0;
		};
		B079B3CD27D67C4D00E9E17F /* Sources */ = {
			isa = PBXSourcesBuildPhase;
			buildActionMask = 2147483647;
			files = (
				B079B3D627D67C4D00E9E17F /* Git_branchsTests.swift in Sources */,
			);
			runOnlyForDeploymentPostprocessing = 0;
		};
		B079B3D727D67C4D00E9E17F /* Sources */ = {
			isa = PBXSourcesBuildPhase;
			buildActionMask = 2147483647;
			files = (
				B079B3E027D67C4D00E9E17F /* Git_branchsUITests.swift in Sources */,
				B079B3E227D67C4D00E9E17F /* Git_branchsUITestsLaunchTests.swift in Sources */,
			);
			runOnlyForDeploymentPostprocessing = 0;
		};
/* End PBXSourcesBuildPhase section */

/* Begin PBXTargetDependency section */
		B079B3D327D67C4D00E9E17F /* PBXTargetDependency */ = {
			isa = PBXTargetDependency;
			target = B079B3BA27D67C4400E9E17F /* Git-branchs */;
			targetProxy = B079B3D227D67C4D00E9E17F /* PBXContainerItemProxy */;
		};
		B079B3DD27D67C4D00E9E17F /* PBXTargetDependency */ = {
			isa = PBXTargetDependency;
			target = B079B3BA27D67C4400E9E17F /* Git-branchs */;
			targetProxy = B079B3DC27D67C4D00E9E17F /* PBXContainerItemProxy */;
		};
/* End PBXTargetDependency section */

/* Begin PBXVariantGroup section */
		B079B3C427D67C4500E9E17F /* Main.storyboard */ = {
			isa = PBXVariantGroup;
			children = (
				B079B3C527D67C4500E9E17F /* Base */,
			);
			name = Main.storyboard;
			sourceTree = "<group>";
		};
		B079B3C927D67C4C00E9E17F /* LaunchScreen.storyboard */ = {
			isa = PBXVariantGroup;
			children = (
				B079B3CA27D67C4C00E9E17F /* Base */,
			);
			name = LaunchScreen.storyboard;
			sourceTree = "<group>";
		};
/* End PBXVariantGroup section */

/* Begin XCBuildConfiguration section */
		B079B3E327D67C4D00E9E17F /* Debug */ = {
			isa = XCBuildConfiguration;
			buildSettings = {
				ALWAYS_SEARCH_USER_PATHS = NO;
				CLANG_ANALYZER_NONNULL = YES;
				CLANG_ANALYZER_NUMBER_OBJECT_CONVERSION = YES_AGGRESSIVE;
				CLANG_CXX_LANGUAGE_STANDARD = "gnu++17";
				CLANG_CXX_LIBRARY = "libc++";
				CLANG_ENABLE_MODULES = YES;
				CLANG_ENABLE_OBJC_ARC = YES;
				CLANG_ENABLE_OBJC_WEAK = YES;
				CLANG_WARN_BLOCK_CAPTURE_AUTORELEASING = YES;
				CLANG_WARN_BOOL_CONVERSION = YES;
				CLANG_WARN_COMMA = YES;
				CLANG_WARN_CONSTANT_CONVERSION = YES;
				CLANG_WARN_DEPRECATED_OBJC_IMPLEMENTATIONS = YES;
				CLANG_WARN_DIRECT_OBJC_ISA_USAGE = YES_ERROR;
				CLANG_WARN_DOCUMENTATION_COMMENTS = YES;
				CLANG_WARN_EMPTY_BODY = YES;
				CLANG_WARN_ENUM_CONVERSION = YES;
				CLANG_WARN_INFINITE_RECURSION = YES;
				CLANG_WARN_INT_CONVERSION = YES;
				CLANG_WARN_NON_LITERAL_NULL_CONVERSION = YES;
				CLANG_WARN_OBJC_IMPLICIT_RETAIN_SELF = YES;
				CLANG_WARN_OBJC_LITERAL_CONVERSION = YES;
				CLANG_WARN_OBJC_ROOT_CLASS = YES_ERROR;
				CLANG_WARN_QUOTED_INCLUDE_IN_FRAMEWORK_HEADER = YES;
				CLANG_WARN_RANGE_LOOP_ANALYSIS = YES;
				CLANG_WARN_STRICT_PROTOTYPES = YES;
				CLANG_WARN_SUSPICIOUS_MOVE = YES;
				CLANG_WARN_UNGUARDED_AVAILABILITY = YES_AGGRESSIVE;
				CLANG_WARN_UNREACHABLE_CODE = YES;
				CLANG_WARN__DUPLICATE_METHOD_MATCH = YES;
				COPY_PHASE_STRIP = NO;
				DEBUG_INFORMATION_FORMAT = dwarf;
				ENABLE_STRICT_OBJC_MSGSEND = YES;
				ENABLE_TESTABILITY = YES;
				GCC_C_LANGUAGE_STANDARD = gnu11;
				GCC_DYNAMIC_NO_PIC = NO;
				GCC_NO_COMMON_BLOCKS = YES;
				GCC_OPTIMIZATION_LEVEL = 0;
				GCC_PREPROCESSOR_DEFINITIONS = (
					"DEBUG=1",
					"$(inherited)",
				);
				GCC_WARN_64_TO_32_BIT_CONVERSION = YES;
				GCC_WARN_ABOUT_RETURN_TYPE = YES_ERROR;
				GCC_WARN_UNDECLARED_SELECTOR = YES;
				GCC_WARN_UNINITIALIZED_AUTOS = YES_AGGRESSIVE;
				GCC_WARN_UNUSED_FUNCTION = YES;
				GCC_WARN_UNUSED_VARIABLE = YES;
				IPHONEOS_DEPLOYMENT_TARGET = 15.0;
				MTL_ENABLE_DEBUG_INFO = INCLUDE_SOURCE;
				MTL_FAST_MATH = YES;
				ONLY_ACTIVE_ARCH = YES;
				SDKROOT = iphoneos;
				SWIFT_ACTIVE_COMPILATION_CONDITIONS = DEBUG;
				SWIFT_OPTIMIZATION_LEVEL = "-Onone";
			};
			name = Debug;
		};
		B079B3E427D67C4D00E9E17F /* Release */ = {
			isa = XCBuildConfiguration;
			buildSettings = {
				ALWAYS_SEARCH_USER_PATHS = NO;
				CLANG_ANALYZER_NONNULL = YES;
				CLANG_ANALYZER_NUMBER_OBJECT_CONVERSION = YES_AGGRESSIVE;
				CLANG_CXX_LANGUAGE_STANDARD = "gnu++17";
				CLANG_CXX_LIBRARY = "libc++";
				CLANG_ENABLE_MODULES = YES;
				CLANG_ENABLE_OBJC_ARC = YES;
				CLANG_ENABLE_OBJC_WEAK = YES;
				CLANG_WARN_BLOCK_CAPTURE_AUTORELEASING = YES;
				CLANG_WARN_BOOL_CONVERSION = YES;
				CLANG_WARN_COMMA = YES;
				CLANG_WARN_CONSTANT_CONVERSION = YES;
				CLANG_WARN_DEPRECATED_OBJC_IMPLEMENTATIONS = YES;
				CLANG_WARN_DIRECT_OBJC_ISA_USAGE = YES_ERROR;
				CLANG_WARN_DOCUMENTATION_COMMENTS = YES;
				CLANG_WARN_EMPTY_BODY = YES;
				CLANG_WARN_ENUM_CONVERSION = YES;
				CLANG_WARN_INFINITE_RECURSION = YES;
				CLANG_WARN_INT_CONVERSION = YES;
				CLANG_WARN_NON_LITERAL_NULL_CONVERSION = YES;
				CLANG_WARN_OBJC_IMPLICIT_RETAIN_SELF = YES;
				CLANG_WARN_OBJC_LITERAL_CONVERSION = YES;
				CLANG_WARN_OBJC_ROOT_CLASS = YES_ERROR;
				CLANG_WARN_QUOTED_INCLUDE_IN_FRAMEWORK_HEADER = YES;
				CLANG_WARN_RANGE_LOOP_ANALYSIS = YES;
				CLANG_WARN_STRICT_PROTOTYPES = YES;
				CLANG_WARN_SUSPICIOUS_MOVE = YES;
				CLANG_WARN_UNGUARDED_AVAILABILITY = YES_AGGRESSIVE;
				CLANG_WARN_UNREACHABLE_CODE = YES;
				CLANG_WARN__DUPLICATE_METHOD_MATCH = YES;
				COPY_PHASE_STRIP = NO;
				DEBUG_INFORMATION_FORMAT = "dwarf-with-dsym";
				ENABLE_NS_ASSERTIONS = NO;
				ENABLE_STRICT_OBJC_MSGSEND = YES;
				GCC_C_LANGUAGE_STANDARD = gnu11;
				GCC_NO_COMMON_BLOCKS = YES;
				GCC_WARN_64_TO_32_BIT_CONVERSION = YES;
				GCC_WARN_ABOUT_RETURN_TYPE = YES_ERROR;
				GCC_WARN_UNDECLARED_SELECTOR = YES;
				GCC_WARN_UNINITIALIZED_AUTOS = YES_AGGRESSIVE;
				GCC_WARN_UNUSED_FUNCTION = YES;
				GCC_WARN_UNUSED_VARIABLE = YES;
				IPHONEOS_DEPLOYMENT_TARGET = 15.0;
				MTL_ENABLE_DEBUG_INFO = NO;
				MTL_FAST_MATH = YES;
				SDKROOT = iphoneos;
				SWIFT_COMPILATION_MODE = wholemodule;
				SWIFT_OPTIMIZATION_LEVEL = "-O";
				VALIDATE_PRODUCT = YES;
			};
			name = Release;
		};
		B079B3E627D67C4D00E9E17F /* Debug */ = {
			isa = XCBuildConfiguration;
			buildSettings = {
				ASSETCATALOG_COMPILER_APPICON_NAME = AppIcon;
				ASSETCATALOG_COMPILER_GLOBAL_ACCENT_COLOR_NAME = AccentColor;
				CODE_SIGN_STYLE = Automatic;
				CURRENT_PROJECT_VERSION = 1;
				GENERATE_INFOPLIST_FILE = YES;
				INFOPLIST_FILE = "Git-branchs/Info.plist";
				INFOPLIST_KEY_UIApplicationSupportsIndirectInputEvents = YES;
				INFOPLIST_KEY_UILaunchStoryboardName = LaunchScreen;
				INFOPLIST_KEY_UIMainStoryboardFile = Main;
				INFOPLIST_KEY_UISupportedInterfaceOrientations_iPad = "UIInterfaceOrientationPortrait UIInterfaceOrientationPortraitUpsideDown UIInterfaceOrientationLandscapeLeft UIInterfaceOrientationLandscapeRight";
				INFOPLIST_KEY_UISupportedInterfaceOrientations_iPhone = "UIInterfaceOrientationPortrait UIInterfaceOrientationLandscapeLeft UIInterfaceOrientationLandscapeRight";
				LD_RUNPATH_SEARCH_PATHS = (
					"$(inherited)",
					"@executable_path/Frameworks",
				);
				MARKETING_VERSION = 1.0;
				PRODUCT_BUNDLE_IDENTIFIER = "br.com.bruno.Git-branchs";
				PRODUCT_NAME = "$(TARGET_NAME)";
				SWIFT_EMIT_LOC_STRINGS = YES;
				SWIFT_VERSION = 5.0;
				TARGETED_DEVICE_FAMILY = "1,2";
			};
			name = Debug;
		};
		B079B3E727D67C4D00E9E17F /* Release */ = {
			isa = XCBuildConfiguration;
			buildSettings = {
				ASSETCATALOG_COMPILER_APPICON_NAME = AppIcon;
				ASSETCATALOG_COMPILER_GLOBAL_ACCENT_COLOR_NAME = AccentColor;
				CODE_SIGN_STYLE = Automatic;
				CURRENT_PROJECT_VERSION = 1;
				GENERATE_INFOPLIST_FILE = YES;
				INFOPLIST_FILE = "Git-branchs/Info.plist";
				INFOPLIST_KEY_UIApplicationSupportsIndirectInputEvents = YES;
				INFOPLIST_KEY_UILaunchStoryboardName = LaunchScreen;
				INFOPLIST_KEY_UIMainStoryboardFile = Main;
				INFOPLIST_KEY_UISupportedInterfaceOrientations_iPad = "UIInterfaceOrientationPortrait UIInterfaceOrientationPortraitUpsideDown UIInterfaceOrientationLandscapeLeft UIInterfaceOrientationLandscapeRight";
				INFOPLIST_KEY_UISupportedInterfaceOrientations_iPhone = "UIInterfaceOrientationPortrait UIInterfaceOrientationLandscapeLeft UIInterfaceOrientationLandscapeRight";
				LD_RUNPATH_SEARCH_PATHS = (
					"$(inherited)",
					"@executable_path/Frameworks",
				);
				MARKETING_VERSION = 1.0;
				PRODUCT_BUNDLE_IDENTIFIER = "br.com.bruno.Git-branchs";
				PRODUCT_NAME = "$(TARGET_NAME)";
				SWIFT_EMIT_LOC_STRINGS = YES;
				SWIFT_VERSION = 5.0;
				TARGETED_DEVICE_FAMILY = "1,2";
			};
			name = Release;
		};
		B079B3E927D67C4D00E9E17F /* Debug */ = {
			isa = XCBuildConfiguration;
			buildSettings = {
				ALWAYS_EMBED_SWIFT_STANDARD_LIBRARIES = YES;
				BUNDLE_LOADER = "$(TEST_HOST)";
				CODE_SIGN_STYLE = Automatic;
				CURRENT_PROJECT_VERSION = 1;
				GENERATE_INFOPLIST_FILE = YES;
				IPHONEOS_DEPLOYMENT_TARGET = 15.0;
				LD_RUNPATH_SEARCH_PATHS = (
					"$(inherited)",
					"@executable_path/Frameworks",
					"@loader_path/Frameworks",
				);
				MARKETING_VERSION = 1.0;
				PRODUCT_BUNDLE_IDENTIFIER = "br.com.bruno.Git-branchsTests";
				PRODUCT_NAME = "$(TARGET_NAME)";
				SWIFT_EMIT_LOC_STRINGS = NO;
				SWIFT_VERSION = 5.0;
				TARGETED_DEVICE_FAMILY = "1,2";
				TEST_HOST = "$(BUILT_PRODUCTS_DIR)/Git-branchs.app/Git-branchs";
			};
			name = Debug;
		};
		B079B3EA27D67C4D00E9E17F /* Release */ = {
			isa = XCBuildConfiguration;
			buildSettings = {
				ALWAYS_EMBED_SWIFT_STANDARD_LIBRARIES = YES;
				BUNDLE_LOADER = "$(TEST_HOST)";
				CODE_SIGN_STYLE = Automatic;
				CURRENT_PROJECT_VERSION = 1;
				GENERATE_INFOPLIST_FILE = YES;
				IPHONEOS_DEPLOYMENT_TARGET = 15.0;
				LD_RUNPATH_SEARCH_PATHS = (
					"$(inherited)",
					"@executable_path/Frameworks",
					"@loader_path/Frameworks",
				);
				MARKETING_VERSION = 1.0;
				PRODUCT_BUNDLE_IDENTIFIER = "br.com.bruno.Git-branchsTests";
				PRODUCT_NAME = "$(TARGET_NAME)";
				SWIFT_EMIT_LOC_STRINGS = NO;
				SWIFT_VERSION = 5.0;
				TARGETED_DEVICE_FAMILY = "1,2";
				TEST_HOST = "$(BUILT_PRODUCTS_DIR)/Git-branchs.app/Git-branchs";
			};
			name = Release;
		};
		B079B3EC27D67C4D00E9E17F /* Debug */ = {
			isa = XCBuildConfiguration;
			buildSettings = {
				ALWAYS_EMBED_SWIFT_STANDARD_LIBRARIES = YES;
				CODE_SIGN_STYLE = Automatic;
				CURRENT_PROJECT_VERSION = 1;
				GENERATE_INFOPLIST_FILE = YES;
				LD_RUNPATH_SEARCH_PATHS = (
					"$(inherited)",
					"@executable_path/Frameworks",
					"@loader_path/Frameworks",
				);
				MARKETING_VERSION = 1.0;
				PRODUCT_BUNDLE_IDENTIFIER = "br.com.bruno.Git-branchsUITests";
				PRODUCT_NAME = "$(TARGET_NAME)";
				SWIFT_EMIT_LOC_STRINGS = NO;
				SWIFT_VERSION = 5.0;
				TARGETED_DEVICE_FAMILY = "1,2";
				TEST_TARGET_NAME = "Git-branchs";
			};
			name = Debug;
		};
		B079B3ED27D67C4D00E9E17F /* Release */ = {
			isa = XCBuildConfiguration;
			buildSettings = {
				ALWAYS_EMBED_SWIFT_STANDARD_LIBRARIES = YES;
				CODE_SIGN_STYLE = Automatic;
				CURRENT_PROJECT_VERSION = 1;
				GENERATE_INFOPLIST_FILE = YES;
				LD_RUNPATH_SEARCH_PATHS = (
					"$(inherited)",
					"@executable_path/Frameworks",
					"@loader_path/Frameworks",
				);
				MARKETING_VERSION = 1.0;
				PRODUCT_BUNDLE_IDENTIFIER = "br.com.bruno.Git-branchsUITests";
				PRODUCT_NAME = "$(TARGET_NAME)";
				SWIFT_EMIT_LOC_STRINGS = NO;
				SWIFT_VERSION = 5.0;
				TARGETED_DEVICE_FAMILY = "1,2";
				TEST_TARGET_NAME = "Git-branchs";
			};
			name = Release;
		};
/* End XCBuildConfiguration section */

/* Begin XCConfigurationList section */
		B079B3B627D67C4400E9E17F /* Build configuration list for PBXProject "Git-branchs" */ = {
			isa = XCConfigurationList;
			buildConfigurations = (
				B079B3E327D67C4D00E9E17F /* Debug */,
				B079B3E427D67C4D00E9E17F /* Release */,
			);
			defaultConfigurationIsVisible = 0;
			defaultConfigurationName = Release;
		};
		B079B3E527D67C4D00E9E17F /* Build configuration list for PBXNativeTarget "Git-branchs" */ = {
			isa = XCConfigurationList;
			buildConfigurations = (
				B079B3E627D67C4D00E9E17F /* Debug */,
				B079B3E727D67C4D00E9E17F /* Release */,
			);
			defaultConfigurationIsVisible = 0;
			defaultConfigurationName = Release;
		};
		B079B3E827D67C4D00E9E17F /* Build configuration list for PBXNativeTarget "Git-branchsTests" */ = {
			isa = XCConfigurationList;
			buildConfigurations = (
				B079B3E927D67C4D00E9E17F /* Debug */,
				B079B3EA27D67C4D00E9E17F /* Release */,
			);
			defaultConfigurationIsVisible = 0;
			defaultConfigurationName = Release;
		};
		B079B3EB27D67C4D00E9E17F /* Build configuration list for PBXNativeTarget "Git-branchsUITests" */ = {
			isa = XCConfigurationList;
			buildConfigurations = (
				B079B3EC27D67C4D00E9E17F /* Debug */,
				B079B3ED27D67C4D00E9E17F /* Release */,
			);
			defaultConfigurationIsVisible = 0;
			defaultConfigurationName = Release;
		};
/* End XCConfigurationList section */
	};
	rootObject = B079B3B327D67C4400E9E17F /* Project object */;
}
